
Microsoft Visual Studio Solution File, Format Version 12.00
# Visual Studio Version 16
VisualStudioVersion = 25.0.1700.3
MinimumVisualStudioVersion = 10.0.40219.1
Project("{FAE04EC0-301F-11D3-BF4B-00C04F79EFBC}") = "AdminAPI", "AdminAPI\AdminAPI.csproj", "{FEBAB942-AAFD-4564-ABEF-448B9DBECDB5}"
EndProject
Global
	GlobalSection(SolutionConfigurationPlatforms) = preSolution
		Debug|Any CPU = Debug|Any CPU
		Release|Any CPU = Release|Any CPU
	EndGlobalSection
	GlobalSection(ProjectConfigurationPlatforms) = postSolution
		{FEBAB942-AAFD-4564-ABEF-448B9DBECDB5}.Debug|Any CPU.ActiveCfg = Debug|Any CPU
		{FEBAB942-AAFD-4564-ABEF-448B9DBECDB5}.Debug|Any CPU.Build.0 = Debug|Any CPU
		{FEBAB942-AAFD-4564-ABEF-448B9DBECDB5}.Release|Any CPU.ActiveCfg = Release|Any CPU
		{FEBAB942-AAFD-4564-ABEF-448B9DBECDB5}.Release|Any CPU.Build.0 = Release|Any CPU
	EndGlobalSection
	GlobalSection(SolutionProperties) = preSolution
		HideSolutionNode = FALSE
	EndGlobalSection
	GlobalSection(ExtensibilityGlobals) = postSolution
		SolutionGuid = {8960A160-66BA-4E92-B2BB-8F20FB3A71A5}
	EndGlobalSection
EndGlobal
